
Microsoft Visual Studio Solution File, Format Version 12.00
# Visual Studio Version 16
VisualStudioVersion = 16.0.30523.141
MinimumVisualStudioVersion = 10.0.40219.1
Project("{FAE04EC0-301F-11D3-BF4B-00C04F79EFBC}") = "TironeacSofia_lab2", "TironeacSofia_lab2.csproj", "{EE92769F-5076-4C08-8AB1-BB8224AB2760}"
EndProject
Global
	GlobalSection(SolutionConfigurationPlatforms) = preSolution
		Debug|Any CPU = Debug|Any CPU
		Release|Any CPU = Release|Any CPU
	EndGlobalSection
	GlobalSection(ProjectConfigurationPlatforms) = postSolution
		{EE92769F-5076-4C08-8AB1-BB8224AB2760}.Debug|Any CPU.ActiveCfg = Debug|Any CPU
		{EE92769F-5076-4C08-8AB1-BB8224AB2760}.Debug|Any CPU.Build.0 = Debug|Any CPU
		{EE92769F-5076-4C08-8AB1-BB8224AB2760}.Release|Any CPU.ActiveCfg = Release|Any CPU
		{EE92769F-5076-4C08-8AB1-BB8224AB2760}.Release|Any CPU.Build.0 = Release|Any CPU
	EndGlobalSection
	GlobalSection(SolutionProperties) = preSolution
		HideSolutionNode = FALSE
	EndGlobalSection
	GlobalSection(ExtensibilityGlobals) = postSolution
		SolutionGuid = {9B6E4FB0-1FBF-4E4F-87C2-E6E962F33E65}
	EndGlobalSection
EndGlobal
